{
    "name": "get-story",
    "lockfileVersion": 3,
    "requires": true,
    "packages": {
        "": {
            "name": "get-story",
            "dependencies": {
                "dayjs": "^1.11.13"
            }
        },
        "../common/get-user": {
            "version": "1.0.0",
            "extraneous": true,
            "license": "ISC",
            "dependencies": {
                "uni-id-common": "file:../../../../uni_modules/uni-id-common/uniCloud/cloudfunctions/common/uni-id-common"
            }
        },
        "node_modules/dayjs": {
            "version": "1.11.13",
            "resolved": "https://mirrors.cloud.tencent.com/npm/dayjs/-/dayjs-1.11.13.tgz",
            "integrity": "sha512-oaMBel6gjolK862uaPQOVTA7q3TZhuSvuMQAAglQDOWYO9A91IrAOUJEyKVlqJlHE0vq5p5UXxzdPfMH/x6xNg=="
        }
    }
}
