{
    "name": "uni-id-co",
    "version": "1.1.21",
    "lockfileVersion": 3,
    "requires": true,
    "packages": {
        "": {
            "name": "uni-id-co",
            "version": "1.1.21",
            "dependencies": {
                "@types/nodemailer": "^6.4.15",
                "nodemailer": "^6.9.15",
                "uni-captcha": "file:../../../../uni-captcha/uniCloud/cloudfunctions/common/uni-captcha",
                "uni-cloud-s2s": "file:../../../../uni-cloud-s2s/uniCloud/cloudfunctions/common/uni-cloud-s2s",
                "uni-config-center": "file:../../../../uni-config-center/uniCloud/cloudfunctions/common/uni-config-center",
                "uni-id-common": "file:../../../../uni-id-common/uniCloud/cloudfunctions/common/uni-id-common",
                "uni-open-bridge-common": "file:../../../../uni-open-bridge-common/uniCloud/cloudfunctions/common/uni-open-bridge-common"
            }
        },
        "../../../../uni-captcha/uniCloud/cloudfunctions/common/uni-captcha": {
            "version": "0.7.0",
            "license": "Apache-2.0",
            "dependencies": {
                "uni-config-center": "file:../../../../../uni-config-center/uniCloud/cloudfunctions/common/uni-config-center"
            }
        },
        "../../../../uni-cloud-s2s/uniCloud/cloudfunctions/common/uni-cloud-s2s": {
            "version": "1.0.1",
            "dependencies": {
                "uni-config-center": "file:../../../../../uni-config-center/uniCloud/cloudfunctions/common/uni-config-center"
            }
        },
        "../../../../uni-config-center/uniCloud/cloudfunctions/common/uni-config-center": {
            "version": "0.0.3",
            "license": "Apache-2.0"
        },
        "../../../../uni-id-common/uniCloud/cloudfunctions/common/uni-id-common": {
            "version": "1.0.18",
            "license": "Apache-2.0",
            "dependencies": {
                "uni-config-center": "file:../../../../../uni-config-center/uniCloud/cloudfunctions/common/uni-config-center"
            }
        },
        "../../../../uni-open-bridge-common/uniCloud/cloudfunctions/common/uni-open-bridge-common": {
            "version": "1.0.0",
            "license": "ISC",
            "dependencies": {
                "uni-config-center": "file:../../../../../uni-config-center/uniCloud/cloudfunctions/common/uni-config-center"
            }
        },
        "node_modules/@types/node": {
            "version": "22.7.2",
            "resolved": "https://registry.npmmirror.com/@types/node/-/node-22.7.2.tgz",
            "integrity": "sha512-866lXSrpGpgyHBZUa2m9YNWqHDjjM0aBTJlNtYaGEw4rqY/dcD7deRVTbBBAJelfA7oaGDbNftXF/TL/A6RgoA==",
            "dependencies": {
                "undici-types": "~6.19.2"
            }
        },
        "node_modules/@types/nodemailer": {
            "version": "6.4.16",
            "resolved": "https://registry.npmmirror.com/@types/nodemailer/-/nodemailer-6.4.16.tgz",
            "integrity": "sha512-uz6hN6Pp0upXMcilM61CoKyjT7sskBoOWpptkjjJp8jIMlTdc3xG01U7proKkXzruMS4hS0zqtHNkNPFB20rKQ==",
            "dependencies": {
                "@types/node": "*"
            }
        },
        "node_modules/nodemailer": {
            "version": "6.9.15",
            "resolved": "https://registry.npmmirror.com/nodemailer/-/nodemailer-6.9.15.tgz",
            "integrity": "sha512-AHf04ySLC6CIfuRtRiEYtGEXgRfa6INgWGluDhnxTZhHSKvrBu7lc1VVchQ0d8nPc4cFaZoPq8vkyNoZr0TpGQ==",
            "engines": {
                "node": ">=6.0.0"
            }
        },
        "node_modules/undici-types": {
            "version": "6.19.8",
            "resolved": "https://registry.npmmirror.com/undici-types/-/undici-types-6.19.8.tgz",
            "integrity": "sha512-ve2KP6f/JnbPBFyobGHuerC9g1FYGn/F8n1LWTwNxCEzd6IfqTwUQcNXgEtmmQ6DlRrC1hrSrBnCZPokRrDHjw=="
        },
        "node_modules/uni-captcha": {
            "resolved": "../../../../uni-captcha/uniCloud/cloudfunctions/common/uni-captcha",
            "link": true
        },
        "node_modules/uni-cloud-s2s": {
            "resolved": "../../../../uni-cloud-s2s/uniCloud/cloudfunctions/common/uni-cloud-s2s",
            "link": true
        },
        "node_modules/uni-config-center": {
            "resolved": "../../../../uni-config-center/uniCloud/cloudfunctions/common/uni-config-center",
            "link": true
        },
        "node_modules/uni-id-common": {
            "resolved": "../../../../uni-id-common/uniCloud/cloudfunctions/common/uni-id-common",
            "link": true
        },
        "node_modules/uni-open-bridge-common": {
            "resolved": "../../../../uni-open-bridge-common/uniCloud/cloudfunctions/common/uni-open-bridge-common",
            "link": true
        }
    }
}
