{
    "name": "uni-id-co",
    "version": "1.1.21",
    "lockfileVersion": 3,
    "requires": true,
    "packages": {
        "": {
            "name": "uni-id-co",
            "version": "1.1.21",
            "dependencies": {
                "@types/nodemailer": "^6.4.15",
                "nodemailer": "^6.9.15"
            }
        },
        "../../../../uni-captcha/uniCloud/cloudfunctions/common/uni-captcha": {
            "version": "0.7.0",
            "extraneous": true,
            "license": "Apache-2.0",
            "dependencies": {
                "uni-config-center": "file:../../../../../uni-config-center/uniCloud/cloudfunctions/common/uni-config-center"
            }
        },
        "../../../../uni-cloud-s2s/uniCloud/cloudfunctions/common/uni-cloud-s2s": {
            "version": "1.0.1",
            "extraneous": true,
            "dependencies": {
                "uni-config-center": "file:../../../../../uni-config-center/uniCloud/cloudfunctions/common/uni-config-center"
            }
        },
        "../../../../uni-config-center/uniCloud/cloudfunctions/common/uni-config-center": {
            "version": "0.0.3",
            "extraneous": true,
            "license": "Apache-2.0"
        },
        "../../../../uni-id-common/uniCloud/cloudfunctions/common/uni-id-common": {
            "version": "1.0.18",
            "extraneous": true,
            "license": "Apache-2.0",
            "dependencies": {
                "uni-config-center": "file:../../../../../uni-config-center/uniCloud/cloudfunctions/common/uni-config-center"
            }
        },
        "../../../../uni-open-bridge-common/uniCloud/cloudfunctions/common/uni-open-bridge-common": {
            "version": "1.0.0",
            "extraneous": true,
            "license": "ISC",
            "dependencies": {
                "uni-config-center": "file:../../../../../uni-config-center/uniCloud/cloudfunctions/common/uni-config-center"
            }
        },
        "node_modules/@types/node": {
            "version": "22.5.4",
            "license": "MIT",
            "dependencies": {
                "undici-types": "~6.19.2"
            }
        },
        "node_modules/@types/nodemailer": {
            "version": "6.4.15",
            "license": "MIT",
            "dependencies": {
                "@types/node": "*"
            }
        },
        "node_modules/nodemailer": {
            "version": "6.9.15",
            "license": "MIT-0",
            "engines": {
                "node": ">=6.0.0"
            }
        },
        "node_modules/undici-types": {
            "version": "6.19.8",
            "license": "MIT"
        }
    }
}
