{
  "name": "pay-order",
  "lockfileVersion": 3,
  "requires": true,
  "packages": {
    "": {
      "name": "pay-order",
      "dependencies": {
        "get-user": "file:../common/get-user"
      }
    },
    "../common/get-user": {
      "version": "1.0.0",
      "license": "ISC",
      "dependencies": {
        "uni-id-common": "file:../../../../uni_modules/uni-id-common/uniCloud/cloudfunctions/common/uni-id-common"
      }
    },
    "node_modules/get-user": {
      "resolved": "../common/get-user",
      "link": true
    }
  }
}
