{
  "name": "search-code",
  "lockfileVersion": 3,
  "requires": true,
  "packages": {
    "": {
      "name": "search-code",
      "dependencies": {
        "dayjs": "^1.11.13",
        "get-user": "file:../common/get-user"
      }
    },
    "../common/get-user": {
      "version": "1.0.0",
      "license": "ISC",
      "dependencies": {
        "uni-id-common": "file:../../../../uni_modules/uni-id-common/uniCloud/cloudfunctions/common/uni-id-common"
      }
    },
    "node_modules/dayjs": {
      "version": "1.11.13",
      "license": "MIT"
    },
    "node_modules/get-user": {
      "resolved": "../common/get-user",
      "link": true
    }
  }
}
